// !$*UTF8*$!
{
	archiveVersion = 1;
	classes = {
	};
	objectVersion = 77;
	objects = {

/* Begin PBXBuildFile section */
		106FC346DAF163C97E643F32 /* ValidationJournee.swift in Sources */ = {isa = PBXBuildFile; fileRef = 1260E94C139E1FB7C7A014C8 /* ValidationJournee.swift */; };
		11D3EDADC8437D35580DD38A /* GRDB in Frameworks */ = {isa = PBXBuildFile; productRef = 225B9EBF56DA2568BCA6556A /* GRDB */; };
		20EE85270C14DADD06E675BB /* ReleveParser.swift in Sources */ = {isa = PBXBuildFile; fileRef = F9F1612FB2544D0E96511FBA /* ReleveParser.swift */; };
		31D5AB5C98FAF429F2220B76 /* Fixtures in Resources */ = {isa = PBXBuildFile; fileRef = 851BDD2C16B7E5F3CDC1D16F /* Fixtures */; };
		4CD7A6FEC0976AC4D9CBE3A2 /* Historique.swift in Sources */ = {isa = PBXBuildFile; fileRef = F3D7791FD0CA77190E95FFA3 /* Historique.swift */; };
		4F26ED26F59E97861A80BB56 /* ReleveWriter.swift in Sources */ = {isa = PBXBuildFile; fileRef = FB34558445DC95F6243E1555 /* ReleveWriter.swift */; };
		50388B520813B83D9B5D2A35 /* Affichage.swift in Sources */ = {isa = PBXBuildFile; fileRef = 4EFE00962C3999DEDA26D663 /* Affichage.swift */; };
		5564648CE2C22A3C50938C14 /* Formats.swift in Sources */ = {isa = PBXBuildFile; fileRef = 92C6D12061FCE29055B4F7B7 /* Formats.swift */; };
		5DE5DA32A63DCB317E9EC2AF /* PointerTests.swift in Sources */ = {isa = PBXBuildFile; fileRef = 2F99A837020928BEA8576DEB /* PointerTests.swift */; };
		6212019F093E49C0A7B005AD /* AppPreferences.swift in Sources */ = {isa = PBXBuildFile; fileRef = 9D59B0E010B349FD31D7AAF0 /* AppPreferences.swift */; };
		6E171897B7A45B06849D4638 /* JourStocke.swift in Sources */ = {isa = PBXBuildFile; fileRef = 55BD64E778C29090CC96D5F6 /* JourStocke.swift */; };
		7992D334146B2A14DD716401 /* Journee.swift in Sources */ = {isa = PBXBuildFile; fileRef = 16B6F502B9B786D8DADE5ABD /* Journee.swift */; };
		7EC0DE388E8A768B423AB0A1 /* FixturesTests.swift in Sources */ = {isa = PBXBuildFile; fileRef = 492290AB55150457D0A7AA72 /* FixturesTests.swift */; };
		83A6BB4A912BD170252F75D1 /* Assets.xcassets in Resources */ = {isa = PBXBuildFile; fileRef = C917E018A5E1111552652F41 /* Assets.xcassets */; };
		859A3F4D779C3E4A3CCA075C /* HistoriqueTests.swift in Sources */ = {isa = PBXBuildFile; fileRef = BCA726E9EEFDA52098F21E94 /* HistoriqueTests.swift */; };
		8742D6FB76D0D20E23C2BEDC /* EditionJourView.swift in Sources */ = {isa = PBXBuildFile; fileRef = 819A8C895BAE7EB32E458D52 /* EditionJourView.swift */; };
		9269CD83D3CBD056F47EA7EF /* PointageApp.swift in Sources */ = {isa = PBXBuildFile; fileRef = 9A100A3747F42D3B607284AB /* PointageApp.swift */; };
		96143E5315BF55776CDE8EA2 /* Selecteurs.swift in Sources */ = {isa = PBXBuildFile; fileRef = 2193ACF4196D90FD9F2AD9C4 /* Selecteurs.swift */; };
		A46B1FC92DAC84928870996C /* PointerModel.swift in Sources */ = {isa = PBXBuildFile; fileRef = 7CAA87D7CF0BFADA1D84ABBE /* PointerModel.swift */; };
		A797B03904DF87015E4B244D /* Calculateur.swift in Sources */ = {isa = PBXBuildFile; fileRef = 60238B002D1C755FF90CF509 /* Calculateur.swift */; };
		AA424F65C31DAA260C3DEAF6 /* Base.swift in Sources */ = {isa = PBXBuildFile; fileRef = 98E6F05CFF4A8B03078EAE2D /* Base.swift */; };
		AAD42CB9DDB425844C8D746C /* GRDB in Frameworks */ = {isa = PBXBuildFile; productRef = 3CC259AA4EA5B1D8D740FEEC /* GRDB */; };
		B243AB79FF5F8A06A8B9F675 /* JoursRepository.swift in Sources */ = {isa = PBXBuildFile; fileRef = 92C3648DA58D3B6D5852E439 /* JoursRepository.swift */; };
		D80B177096733657DD643717 /* HistoriqueModel.swift in Sources */ = {isa = PBXBuildFile; fileRef = AEC95DD6EF31A844D6848DF6 /* HistoriqueModel.swift */; };
		DBC62D5276350C378D19D7D1 /* PointerView.swift in Sources */ = {isa = PBXBuildFile; fileRef = 2BE336145CF601058ACDCBC1 /* PointerView.swift */; };
		E00F6632C9A78D4ABDF6B8ED /* DateCivileTests.swift in Sources */ = {isa = PBXBuildFile; fileRef = 2B78CA66C95489B522FCB6AC /* DateCivileTests.swift */; };
		E4EC2567E0B51C358CA23F84 /* EditionJour.swift in Sources */ = {isa = PBXBuildFile; fileRef = EFCD681595923F0C0587D4F4 /* EditionJour.swift */; };
		E5B0D7111AA9AAECF66AA11F /* DateCivile.swift in Sources */ = {isa = PBXBuildFile; fileRef = 85A073790BD485BD913F6DF4 /* DateCivile.swift */; };
		EBFE5C306DE9D75AAFF65FBF /* Bilan.swift in Sources */ = {isa = PBXBuildFile; fileRef = EC524F1B401C57213CC9F5B3 /* Bilan.swift */; };
		EDE5B75ACBF7AA47BA7F5498 /* HistoriqueView.swift in Sources */ = {isa = PBXBuildFile; fileRef = 157CC0699B1B7A774586F54D /* HistoriqueView.swift */; };
		FBC66614CE5C67B4AE08E564 /* Horloge.swift in Sources */ = {isa = PBXBuildFile; fileRef = C94AE210C5BDB549362CDD94 /* Horloge.swift */; };
/* End PBXBuildFile section */

/* Begin PBXContainerItemProxy section */
		CA629C9907B468DF73805045 /* PBXContainerItemProxy */ = {
			isa = PBXContainerItemProxy;
			containerPortal = A2F05599E9D4408C9D602C1A /* Project object */;
			proxyType = 1;
			remoteGlobalIDString = 5F043B2F81B855258F4E9C0C;
			remoteInfo = Pointage;
		};
/* End PBXContainerItemProxy section */

/* Begin PBXFileReference section */
		1260E94C139E1FB7C7A014C8 /* ValidationJournee.swift */ = {isa = PBXFileReference; lastKnownFileType = sourcecode.swift; path = ValidationJournee.swift; sourceTree = "<group>"; };
		157CC0699B1B7A774586F54D /* HistoriqueView.swift */ = {isa = PBXFileReference; lastKnownFileType = sourcecode.swift; path = HistoriqueView.swift; sourceTree = "<group>"; };
		16B6F502B9B786D8DADE5ABD /* Journee.swift */ = {isa = PBXFileReference; lastKnownFileType = sourcecode.swift; path = Journee.swift; sourceTree = "<group>"; };
		2193ACF4196D90FD9F2AD9C4 /* Selecteurs.swift */ = {isa = PBXFileReference; lastKnownFileType = sourcecode.swift; path = Selecteurs.swift; sourceTree = "<group>"; };
		2B78CA66C95489B522FCB6AC /* DateCivileTests.swift */ = {isa = PBXFileReference; lastKnownFileType = sourcecode.swift; path = DateCivileTests.swift; sourceTree = "<group>"; };
		2BE336145CF601058ACDCBC1 /* PointerView.swift */ = {isa = PBXFileReference; lastKnownFileType = sourcecode.swift; path = PointerView.swift; sourceTree = "<group>"; };
		2F99A837020928BEA8576DEB /* PointerTests.swift */ = {isa = PBXFileReference; lastKnownFileType = sourcecode.swift; path = PointerTests.swift; sourceTree = "<group>"; };
		492290AB55150457D0A7AA72 /* FixturesTests.swift */ = {isa = PBXFileReference; lastKnownFileType = sourcecode.swift; path = FixturesTests.swift; sourceTree = "<group>"; };
		4B4C53C59E99F91764C029FD /* PointageTests.xctest */ = {isa = PBXFileReference; includeInIndex = 0; lastKnownFileType = wrapper.cfbundle; path = PointageTests.xctest; sourceTree = BUILT_PRODUCTS_DIR; };
		4EFE00962C3999DEDA26D663 /* Affichage.swift */ = {isa = PBXFileReference; lastKnownFileType = sourcecode.swift; path = Affichage.swift; sourceTree = "<group>"; };
		55BD64E778C29090CC96D5F6 /* JourStocke.swift */ = {isa = PBXFileReference; lastKnownFileType = sourcecode.swift; path = JourStocke.swift; sourceTree = "<group>"; };
		60238B002D1C755FF90CF509 /* Calculateur.swift */ = {isa = PBXFileReference; lastKnownFileType = sourcecode.swift; path = Calculateur.swift; sourceTree = "<group>"; };
		7CAA87D7CF0BFADA1D84ABBE /* PointerModel.swift */ = {isa = PBXFileReference; lastKnownFileType = sourcecode.swift; path = PointerModel.swift; sourceTree = "<group>"; };
		819A8C895BAE7EB32E458D52 /* EditionJourView.swift */ = {isa = PBXFileReference; lastKnownFileType = sourcecode.swift; path = EditionJourView.swift; sourceTree = "<group>"; };
		851BDD2C16B7E5F3CDC1D16F /* Fixtures */ = {isa = PBXFileReference; lastKnownFileType = folder; name = Fixtures; path = Tests/Fixtures; sourceTree = SOURCE_ROOT; };
		85A073790BD485BD913F6DF4 /* DateCivile.swift */ = {isa = PBXFileReference; lastKnownFileType = sourcecode.swift; path = DateCivile.swift; sourceTree = "<group>"; };
		92C3648DA58D3B6D5852E439 /* JoursRepository.swift */ = {isa = PBXFileReference; lastKnownFileType = sourcecode.swift; path = JoursRepository.swift; sourceTree = "<group>"; };
		92C6D12061FCE29055B4F7B7 /* Formats.swift */ = {isa = PBXFileReference; lastKnownFileType = sourcecode.swift; path = Formats.swift; sourceTree = "<group>"; };
		98E6F05CFF4A8B03078EAE2D /* Base.swift */ = {isa = PBXFileReference; lastKnownFileType = sourcecode.swift; path = Base.swift; sourceTree = "<group>"; };
		9A100A3747F42D3B607284AB /* PointageApp.swift */ = {isa = PBXFileReference; lastKnownFileType = sourcecode.swift; path = PointageApp.swift; sourceTree = "<group>"; };
		9D59B0E010B349FD31D7AAF0 /* AppPreferences.swift */ = {isa = PBXFileReference; lastKnownFileType = sourcecode.swift; path = AppPreferences.swift; sourceTree = "<group>"; };
		AEC95DD6EF31A844D6848DF6 /* HistoriqueModel.swift */ = {isa = PBXFileReference; lastKnownFileType = sourcecode.swift; path = HistoriqueModel.swift; sourceTree = "<group>"; };
		BCA726E9EEFDA52098F21E94 /* HistoriqueTests.swift */ = {isa = PBXFileReference; lastKnownFileType = sourcecode.swift; path = HistoriqueTests.swift; sourceTree = "<group>"; };
		C917E018A5E1111552652F41 /* Assets.xcassets */ = {isa = PBXFileReference; lastKnownFileType = folder.assetcatalog; path = Assets.xcassets; sourceTree = "<group>"; };
		C94AE210C5BDB549362CDD94 /* Horloge.swift */ = {isa = PBXFileReference; lastKnownFileType = sourcecode.swift; path = Horloge.swift; sourceTree = "<group>"; };
		EC524F1B401C57213CC9F5B3 /* Bilan.swift */ = {isa = PBXFileReference; lastKnownFileType = sourcecode.swift; path = Bilan.swift; sourceTree = "<group>"; };
		EFCD681595923F0C0587D4F4 /* EditionJour.swift */ = {isa = PBXFileReference; lastKnownFileType = sourcecode.swift; path = EditionJour.swift; sourceTree = "<group>"; };
		F3D7791FD0CA77190E95FFA3 /* Historique.swift */ = {isa = PBXFileReference; lastKnownFileType = sourcecode.swift; path = Historique.swift; sourceTree = "<group>"; };
		F9F1612FB2544D0E96511FBA /* ReleveParser.swift */ = {isa = PBXFileReference; lastKnownFileType = sourcecode.swift; path = ReleveParser.swift; sourceTree = "<group>"; };
		FB34558445DC95F6243E1555 /* ReleveWriter.swift */ = {isa = PBXFileReference; lastKnownFileType = sourcecode.swift; path = ReleveWriter.swift; sourceTree = "<group>"; };
		FB4B8A2063B92F168206BFD6 /* Pointage.app */ = {isa = PBXFileReference; includeInIndex = 0; lastKnownFileType = wrapper.application; path = Pointage.app; sourceTree = BUILT_PRODUCTS_DIR; };
/* End PBXFileReference section */

/* Begin PBXFrameworksBuildPhase section */
		8D616409E57026894ED2DF7B /* Frameworks */ = {
			isa = PBXFrameworksBuildPhase;
			buildActionMask = 2147483647;
			files = (
				AAD42CB9DDB425844C8D746C /* GRDB in Frameworks */,
			);
			runOnlyForDeploymentPostprocessing = 0;
		};
		ED95ECC7EE8205D2A9D018A4 /* Frameworks */ = {
			isa = PBXFrameworksBuildPhase;
			buildActionMask = 2147483647;
			files = (
				11D3EDADC8437D35580DD38A /* GRDB in Frameworks */,
			);
			runOnlyForDeploymentPostprocessing = 0;
		};
/* End PBXFrameworksBuildPhase section */

/* Begin PBXGroup section */
		0538BF17A6947D51AC8CC2FD /* Preferences */ = {
			isa = PBXGroup;
			children = (
				9D59B0E010B349FD31D7AAF0 /* AppPreferences.swift */,
			);
			path = Preferences;
			sourceTree = "<group>";
		};
		08D482C675C73BB7E462288C /* Domain */ = {
			isa = PBXGroup;
			children = (
				EC524F1B401C57213CC9F5B3 /* Bilan.swift */,
				60238B002D1C755FF90CF509 /* Calculateur.swift */,
				85A073790BD485BD913F6DF4 /* DateCivile.swift */,
				92C6D12061FCE29055B4F7B7 /* Formats.swift */,
				C94AE210C5BDB549362CDD94 /* Horloge.swift */,
				16B6F502B9B786D8DADE5ABD /* Journee.swift */,
				55BD64E778C29090CC96D5F6 /* JourStocke.swift */,
				F9F1612FB2544D0E96511FBA /* ReleveParser.swift */,
				FB34558445DC95F6243E1555 /* ReleveWriter.swift */,
				1260E94C139E1FB7C7A014C8 /* ValidationJournee.swift */,
			);
			path = Domain;
			sourceTree = "<group>";
		};
		0DD60FBAD8DAACF480CE6D58 /* Data */ = {
			isa = PBXGroup;
			children = (
				98E6F05CFF4A8B03078EAE2D /* Base.swift */,
				92C3648DA58D3B6D5852E439 /* JoursRepository.swift */,
			);
			path = Data;
			sourceTree = "<group>";
		};
		115F0E5E73BAF8292BECADFE /* Historique */ = {
			isa = PBXGroup;
			children = (
				EFCD681595923F0C0587D4F4 /* EditionJour.swift */,
				819A8C895BAE7EB32E458D52 /* EditionJourView.swift */,
				F3D7791FD0CA77190E95FFA3 /* Historique.swift */,
				AEC95DD6EF31A844D6848DF6 /* HistoriqueModel.swift */,
				157CC0699B1B7A774586F54D /* HistoriqueView.swift */,
			);
			path = Historique;
			sourceTree = "<group>";
		};
		1DCACEC5792A1AC83734248E /* Features */ = {
			isa = PBXGroup;
			children = (
				115F0E5E73BAF8292BECADFE /* Historique */,
				241B991FAFEA9AB0A0A04B14 /* Pointer */,
			);
			path = Features;
			sourceTree = "<group>";
		};
		241B991FAFEA9AB0A0A04B14 /* Pointer */ = {
			isa = PBXGroup;
			children = (
				7CAA87D7CF0BFADA1D84ABBE /* PointerModel.swift */,
				2BE336145CF601058ACDCBC1 /* PointerView.swift */,
			);
			path = Pointer;
			sourceTree = "<group>";
		};
		3D4B1848E973BEF4F0513147 /* App */ = {
			isa = PBXGroup;
			children = (
				9A100A3747F42D3B607284AB /* PointageApp.swift */,
			);
			path = App;
			sourceTree = "<group>";
		};
		5CE7A90339EC7EE95B7F413C /* Products */ = {
			isa = PBXGroup;
			children = (
				FB4B8A2063B92F168206BFD6 /* Pointage.app */,
				4B4C53C59E99F91764C029FD /* PointageTests.xctest */,
			);
			name = Products;
			sourceTree = "<group>";
		};
		978F1E5703F729E3FFB6B8CE /* Sources */ = {
			isa = PBXGroup;
			children = (
				3D4B1848E973BEF4F0513147 /* App */,
				0DD60FBAD8DAACF480CE6D58 /* Data */,
				F94546E455D01040E0F13347 /* Design */,
				08D482C675C73BB7E462288C /* Domain */,
				1DCACEC5792A1AC83734248E /* Features */,
				0538BF17A6947D51AC8CC2FD /* Preferences */,
			);
			path = Sources;
			sourceTree = "<group>";
		};
		9DB3049D5A43008986DFD5CE /* Resources */ = {
			isa = PBXGroup;
			children = (
				C917E018A5E1111552652F41 /* Assets.xcassets */,
			);
			path = Resources;
			sourceTree = "<group>";
		};
		CC96E70BB76FEAC98F5275DA = {
			isa = PBXGroup;
			children = (
				9DB3049D5A43008986DFD5CE /* Resources */,
				978F1E5703F729E3FFB6B8CE /* Sources */,
				E72B2B96824359F7A90C97B1 /* Tests */,
				5CE7A90339EC7EE95B7F413C /* Products */,
			);
			sourceTree = "<group>";
		};
		E72B2B96824359F7A90C97B1 /* Tests */ = {
			isa = PBXGroup;
			children = (
				2B78CA66C95489B522FCB6AC /* DateCivileTests.swift */,
				851BDD2C16B7E5F3CDC1D16F /* Fixtures */,
				492290AB55150457D0A7AA72 /* FixturesTests.swift */,
				BCA726E9EEFDA52098F21E94 /* HistoriqueTests.swift */,
				2F99A837020928BEA8576DEB /* PointerTests.swift */,
			);
			path = Tests;
			sourceTree = "<group>";
		};
		F94546E455D01040E0F13347 /* Design */ = {
			isa = PBXGroup;
			children = (
				4EFE00962C3999DEDA26D663 /* Affichage.swift */,
				2193ACF4196D90FD9F2AD9C4 /* Selecteurs.swift */,
			);
			path = Design;
			sourceTree = "<group>";
		};
/* End PBXGroup section */

/* Begin PBXNativeTarget section */
		2EB3B7274418B215F25FEE50 /* PointageTests */ = {
			isa = PBXNativeTarget;
			buildConfigurationList = 8B8695C563DACE3A84ECBB39 /* Build configuration list for PBXNativeTarget "PointageTests" */;
			buildPhases = (
				312F8FD135E3D62A64ED7BE5 /* Sources */,
				04ABFB8FFAC598B5F1306B4F /* Resources */,
				8D616409E57026894ED2DF7B /* Frameworks */,
			);
			buildRules = (
			);
			dependencies = (
				687A75C1C0BCDD102D031F4D /* PBXTargetDependency */,
			);
			name = PointageTests;
			packageProductDependencies = (
				3CC259AA4EA5B1D8D740FEEC /* GRDB */,
			);
			productName = PointageTests;
			productReference = 4B4C53C59E99F91764C029FD /* PointageTests.xctest */;
			productType = "com.apple.product-type.bundle.unit-test";
		};
		5F043B2F81B855258F4E9C0C /* Pointage */ = {
			isa = PBXNativeTarget;
			buildConfigurationList = 97F835CD71E0F1DB7B4B2D61 /* Build configuration list for PBXNativeTarget "Pointage" */;
			buildPhases = (
				7DEEEEBBC1EE0A5FED9DC57C /* Sources */,
				CF36A267358079E69318492E /* Resources */,
				ED95ECC7EE8205D2A9D018A4 /* Frameworks */,
			);
			buildRules = (
			);
			dependencies = (
			);
			name = Pointage;
			packageProductDependencies = (
				225B9EBF56DA2568BCA6556A /* GRDB */,
			);
			productName = Pointage;
			productReference = FB4B8A2063B92F168206BFD6 /* Pointage.app */;
			productType = "com.apple.product-type.application";
		};
/* End PBXNativeTarget section */

/* Begin PBXProject section */
		A2F05599E9D4408C9D602C1A /* Project object */ = {
			isa = PBXProject;
			attributes = {
				BuildIndependentTargetsInParallel = YES;
				LastUpgradeCheck = 1430;
				TargetAttributes = {
					2EB3B7274418B215F25FEE50 = {
						DevelopmentTeam = WFMP87LTRX;
					};
					5F043B2F81B855258F4E9C0C = {
						DevelopmentTeam = WFMP87LTRX;
					};
				};
			};
			buildConfigurationList = 866CEFC864EEA8CD66257D28 /* Build configuration list for PBXProject "Pointage" */;
			developmentRegion = fr;
			hasScannedForEncodings = 0;
			knownRegions = (
				Base,
				fr,
			);
			mainGroup = CC96E70BB76FEAC98F5275DA;
			minimizedProjectReferenceProxies = 1;
			packageReferences = (
				7050B53D9B6B2FD5019862F2 /* XCRemoteSwiftPackageReference "GRDB.swift" */,
			);
			preferredProjectObjectVersion = 77;
			productRefGroup = 5CE7A90339EC7EE95B7F413C /* Products */;
			projectDirPath = "";
			projectRoot = "";
			targets = (
				5F043B2F81B855258F4E9C0C /* Pointage */,
				2EB3B7274418B215F25FEE50 /* PointageTests */,
			);
		};
/* End PBXProject section */

/* Begin PBXResourcesBuildPhase section */
		04ABFB8FFAC598B5F1306B4F /* Resources */ = {
			isa = PBXResourcesBuildPhase;
			buildActionMask = 2147483647;
			files = (
				31D5AB5C98FAF429F2220B76 /* Fixtures in Resources */,
			);
			runOnlyForDeploymentPostprocessing = 0;
		};
		CF36A267358079E69318492E /* Resources */ = {
			isa = PBXResourcesBuildPhase;
			buildActionMask = 2147483647;
			files = (
				83A6BB4A912BD170252F75D1 /* Assets.xcassets in Resources */,
			);
			runOnlyForDeploymentPostprocessing = 0;
		};
/* End PBXResourcesBuildPhase section */

/* Begin PBXSourcesBuildPhase section */
		312F8FD135E3D62A64ED7BE5 /* Sources */ = {
			isa = PBXSourcesBuildPhase;
			buildActionMask = 2147483647;
			files = (
				E00F6632C9A78D4ABDF6B8ED /* DateCivileTests.swift in Sources */,
				7EC0DE388E8A768B423AB0A1 /* FixturesTests.swift in Sources */,
				859A3F4D779C3E4A3CCA075C /* HistoriqueTests.swift in Sources */,
				5DE5DA32A63DCB317E9EC2AF /* PointerTests.swift in Sources */,
			);
			runOnlyForDeploymentPostprocessing = 0;
		};
		7DEEEEBBC1EE0A5FED9DC57C /* Sources */ = {
			isa = PBXSourcesBuildPhase;
			buildActionMask = 2147483647;
			files = (
				50388B520813B83D9B5D2A35 /* Affichage.swift in Sources */,
				6212019F093E49C0A7B005AD /* AppPreferences.swift in Sources */,
				AA424F65C31DAA260C3DEAF6 /* Base.swift in Sources */,
				EBFE5C306DE9D75AAFF65FBF /* Bilan.swift in Sources */,
				A797B03904DF87015E4B244D /* Calculateur.swift in Sources */,
				E5B0D7111AA9AAECF66AA11F /* DateCivile.swift in Sources */,
				E4EC2567E0B51C358CA23F84 /* EditionJour.swift in Sources */,
				8742D6FB76D0D20E23C2BEDC /* EditionJourView.swift in Sources */,
				5564648CE2C22A3C50938C14 /* Formats.swift in Sources */,
				4CD7A6FEC0976AC4D9CBE3A2 /* Historique.swift in Sources */,
				D80B177096733657DD643717 /* HistoriqueModel.swift in Sources */,
				EDE5B75ACBF7AA47BA7F5498 /* HistoriqueView.swift in Sources */,
				FBC66614CE5C67B4AE08E564 /* Horloge.swift in Sources */,
				6E171897B7A45B06849D4638 /* JourStocke.swift in Sources */,
				7992D334146B2A14DD716401 /* Journee.swift in Sources */,
				B243AB79FF5F8A06A8B9F675 /* JoursRepository.swift in Sources */,
				9269CD83D3CBD056F47EA7EF /* PointageApp.swift in Sources */,
				A46B1FC92DAC84928870996C /* PointerModel.swift in Sources */,
				DBC62D5276350C378D19D7D1 /* PointerView.swift in Sources */,
				20EE85270C14DADD06E675BB /* ReleveParser.swift in Sources */,
				4F26ED26F59E97861A80BB56 /* ReleveWriter.swift in Sources */,
				96143E5315BF55776CDE8EA2 /* Selecteurs.swift in Sources */,
				106FC346DAF163C97E643F32 /* ValidationJournee.swift in Sources */,
			);
			runOnlyForDeploymentPostprocessing = 0;
		};
/* End PBXSourcesBuildPhase section */

/* Begin PBXTargetDependency section */
		687A75C1C0BCDD102D031F4D /* PBXTargetDependency */ = {
			isa = PBXTargetDependency;
			target = 5F043B2F81B855258F4E9C0C /* Pointage */;
			targetProxy = CA629C9907B468DF73805045 /* PBXContainerItemProxy */;
		};
/* End PBXTargetDependency section */

/* Begin XCBuildConfiguration section */
		0EA36C22CD377F146E5A6E02 /* Debug */ = {
			isa = XCBuildConfiguration;
			buildSettings = {
				BUNDLE_LOADER = "$(TEST_HOST)";
				LD_RUNPATH_SEARCH_PATHS = (
					"$(inherited)",
					"@executable_path/Frameworks",
					"@loader_path/Frameworks",
				);
				PRODUCT_BUNDLE_IDENTIFIER = ch.yannickmauray.pointage.tests;
				SDKROOT = iphoneos;
				TARGETED_DEVICE_FAMILY = "1,2";
				TEST_HOST = "$(BUILT_PRODUCTS_DIR)/Pointage.app/Pointage";
			};
			name = Debug;
		};
		2C5A9A5334797AFE3B4D30DC /* Release */ = {
			isa = XCBuildConfiguration;
			buildSettings = {
				ALWAYS_SEARCH_USER_PATHS = NO;
				ASSETCATALOG_COMPILER_APPICON_NAME = AppIcon;
				ASSETCATALOG_COMPILER_GLOBAL_ACCENT_COLOR_NAME = AccentColor;
				CLANG_ANALYZER_NONNULL = YES;
				CLANG_ANALYZER_NUMBER_OBJECT_CONVERSION = YES_AGGRESSIVE;
				CLANG_CXX_LANGUAGE_STANDARD = "gnu++14";
				CLANG_CXX_LIBRARY = "libc++";
				CLANG_ENABLE_MODULES = YES;
				CLANG_ENABLE_OBJC_ARC = YES;
				CLANG_ENABLE_OBJC_WEAK = YES;
				CLANG_WARN_BLOCK_CAPTURE_AUTORELEASING = YES;
				CLANG_WARN_BOOL_CONVERSION = YES;
				CLANG_WARN_COMMA = YES;
				CLANG_WARN_CONSTANT_CONVERSION = YES;
				CLANG_WARN_DEPRECATED_OBJC_IMPLEMENTATIONS = YES;
				CLANG_WARN_DIRECT_OBJC_ISA_USAGE = YES_ERROR;
				CLANG_WARN_DOCUMENTATION_COMMENTS = YES;
				CLANG_WARN_EMPTY_BODY = YES;
				CLANG_WARN_ENUM_CONVERSION = YES;
				CLANG_WARN_INFINITE_RECURSION = YES;
				CLANG_WARN_INT_CONVERSION = YES;
				CLANG_WARN_NON_LITERAL_NULL_CONVERSION = YES;
				CLANG_WARN_OBJC_IMPLICIT_RETAIN_SELF = YES;
				CLANG_WARN_OBJC_LITERAL_CONVERSION = YES;
				CLANG_WARN_OBJC_ROOT_CLASS = YES_ERROR;
				CLANG_WARN_QUOTED_INCLUDE_IN_FRAMEWORK_HEADER = YES;
				CLANG_WARN_RANGE_LOOP_ANALYSIS = YES;
				CLANG_WARN_STRICT_PROTOTYPES = YES;
				CLANG_WARN_SUSPICIOUS_MOVE = YES;
				CLANG_WARN_UNGUARDED_AVAILABILITY = YES_AGGRESSIVE;
				CLANG_WARN_UNREACHABLE_CODE = YES;
				CLANG_WARN__DUPLICATE_METHOD_MATCH = YES;
				COPY_PHASE_STRIP = NO;
				CURRENT_PROJECT_VERSION = 1;
				DEBUG_INFORMATION_FORMAT = "dwarf-with-dsym";
				DEVELOPMENT_TEAM = WFMP87LTRX;
				ENABLE_NS_ASSERTIONS = NO;
				ENABLE_STRICT_OBJC_MSGSEND = YES;
				GCC_C_LANGUAGE_STANDARD = gnu11;
				GCC_NO_COMMON_BLOCKS = YES;
				GCC_WARN_64_TO_32_BIT_CONVERSION = YES;
				GCC_WARN_ABOUT_RETURN_TYPE = YES_ERROR;
				GCC_WARN_UNDECLARED_SELECTOR = YES;
				GCC_WARN_UNINITIALIZED_AUTOS = YES_AGGRESSIVE;
				GCC_WARN_UNUSED_FUNCTION = YES;
				GCC_WARN_UNUSED_VARIABLE = YES;
				GENERATE_INFOPLIST_FILE = YES;
				INFOPLIST_KEY_CFBundleDisplayName = Pointage;
				INFOPLIST_KEY_ITSAppUsesNonExemptEncryption = NO;
				IPHONEOS_DEPLOYMENT_TARGET = 26.0;
				MARKETING_VERSION = 1.0.0;
				MTL_ENABLE_DEBUG_INFO = NO;
				MTL_FAST_MATH = YES;
				PRODUCT_NAME = "$(TARGET_NAME)";
				SDKROOT = iphoneos;
				SWIFT_COMPILATION_MODE = wholemodule;
				SWIFT_OPTIMIZATION_LEVEL = "-O";
				SWIFT_STRICT_CONCURRENCY = complete;
				SWIFT_VERSION = 6.0;
			};
			name = Release;
		};
		32A56A2F534667C6A4A11DF1 /* Debug */ = {
			isa = XCBuildConfiguration;
			buildSettings = {
				ALWAYS_SEARCH_USER_PATHS = NO;
				ASSETCATALOG_COMPILER_APPICON_NAME = AppIcon;
				ASSETCATALOG_COMPILER_GLOBAL_ACCENT_COLOR_NAME = AccentColor;
				CLANG_ANALYZER_NONNULL = YES;
				CLANG_ANALYZER_NUMBER_OBJECT_CONVERSION = YES_AGGRESSIVE;
				CLANG_CXX_LANGUAGE_STANDARD = "gnu++14";
				CLANG_CXX_LIBRARY = "libc++";
				CLANG_ENABLE_MODULES = YES;
				CLANG_ENABLE_OBJC_ARC = YES;
				CLANG_ENABLE_OBJC_WEAK = YES;
				CLANG_WARN_BLOCK_CAPTURE_AUTORELEASING = YES;
				CLANG_WARN_BOOL_CONVERSION = YES;
				CLANG_WARN_COMMA = YES;
				CLANG_WARN_CONSTANT_CONVERSION = YES;
				CLANG_WARN_DEPRECATED_OBJC_IMPLEMENTATIONS = YES;
				CLANG_WARN_DIRECT_OBJC_ISA_USAGE = YES_ERROR;
				CLANG_WARN_DOCUMENTATION_COMMENTS = YES;
				CLANG_WARN_EMPTY_BODY = YES;
				CLANG_WARN_ENUM_CONVERSION = YES;
				CLANG_WARN_INFINITE_RECURSION = YES;
				CLANG_WARN_INT_CONVERSION = YES;
				CLANG_WARN_NON_LITERAL_NULL_CONVERSION = YES;
				CLANG_WARN_OBJC_IMPLICIT_RETAIN_SELF = YES;
				CLANG_WARN_OBJC_LITERAL_CONVERSION = YES;
				CLANG_WARN_OBJC_ROOT_CLASS = YES_ERROR;
				CLANG_WARN_QUOTED_INCLUDE_IN_FRAMEWORK_HEADER = YES;
				CLANG_WARN_RANGE_LOOP_ANALYSIS = YES;
				CLANG_WARN_STRICT_PROTOTYPES = YES;
				CLANG_WARN_SUSPICIOUS_MOVE = YES;
				CLANG_WARN_UNGUARDED_AVAILABILITY = YES_AGGRESSIVE;
				CLANG_WARN_UNREACHABLE_CODE = YES;
				CLANG_WARN__DUPLICATE_METHOD_MATCH = YES;
				COPY_PHASE_STRIP = NO;
				CURRENT_PROJECT_VERSION = 1;
				DEBUG_INFORMATION_FORMAT = dwarf;
				DEVELOPMENT_TEAM = WFMP87LTRX;
				ENABLE_STRICT_OBJC_MSGSEND = YES;
				ENABLE_TESTABILITY = YES;
				GCC_C_LANGUAGE_STANDARD = gnu11;
				GCC_DYNAMIC_NO_PIC = NO;
				GCC_NO_COMMON_BLOCKS = YES;
				GCC_OPTIMIZATION_LEVEL = 0;
				GCC_PREPROCESSOR_DEFINITIONS = (
					"$(inherited)",
					"DEBUG=1",
				);
				GCC_WARN_64_TO_32_BIT_CONVERSION = YES;
				GCC_WARN_ABOUT_RETURN_TYPE = YES_ERROR;
				GCC_WARN_UNDECLARED_SELECTOR = YES;
				GCC_WARN_UNINITIALIZED_AUTOS = YES_AGGRESSIVE;
				GCC_WARN_UNUSED_FUNCTION = YES;
				GCC_WARN_UNUSED_VARIABLE = YES;
				GENERATE_INFOPLIST_FILE = YES;
				INFOPLIST_KEY_CFBundleDisplayName = Pointage;
				INFOPLIST_KEY_ITSAppUsesNonExemptEncryption = NO;
				IPHONEOS_DEPLOYMENT_TARGET = 26.0;
				MARKETING_VERSION = 1.0.0;
				MTL_ENABLE_DEBUG_INFO = INCLUDE_SOURCE;
				MTL_FAST_MATH = YES;
				ONLY_ACTIVE_ARCH = YES;
				PRODUCT_NAME = "$(TARGET_NAME)";
				SDKROOT = iphoneos;
				SWIFT_ACTIVE_COMPILATION_CONDITIONS = DEBUG;
				SWIFT_OPTIMIZATION_LEVEL = "-Onone";
				SWIFT_STRICT_CONCURRENCY = complete;
				SWIFT_VERSION = 6.0;
			};
			name = Debug;
		};
		6A926FE7C01599145FA3A83B /* Release */ = {
			isa = XCBuildConfiguration;
			buildSettings = {
				ASSETCATALOG_COMPILER_APPICON_NAME = AppIcon;
				CODE_SIGN_IDENTITY = "iPhone Developer";
				INFOPLIST_KEY_UILaunchScreen_Generation = YES;
				INFOPLIST_KEY_UISupportedInterfaceOrientations_iPhone = (
					UIInterfaceOrientationPortrait,
				);
				LD_RUNPATH_SEARCH_PATHS = (
					"$(inherited)",
					"@executable_path/Frameworks",
				);
				PRODUCT_BUNDLE_IDENTIFIER = ch.yannickmauray.pointage;
				SDKROOT = iphoneos;
				TARGETED_DEVICE_FAMILY = 1;
			};
			name = Release;
		};
		8E5EDF88BE8F9E64FBA14341 /* Debug */ = {
			isa = XCBuildConfiguration;
			buildSettings = {
				ASSETCATALOG_COMPILER_APPICON_NAME = AppIcon;
				CODE_SIGN_IDENTITY = "iPhone Developer";
				INFOPLIST_KEY_UILaunchScreen_Generation = YES;
				INFOPLIST_KEY_UISupportedInterfaceOrientations_iPhone = (
					UIInterfaceOrientationPortrait,
				);
				LD_RUNPATH_SEARCH_PATHS = (
					"$(inherited)",
					"@executable_path/Frameworks",
				);
				PRODUCT_BUNDLE_IDENTIFIER = ch.yannickmauray.pointage;
				SDKROOT = iphoneos;
				TARGETED_DEVICE_FAMILY = 1;
			};
			name = Debug;
		};
		E4E716F7EE297905A9AE6EC6 /* Release */ = {
			isa = XCBuildConfiguration;
			buildSettings = {
				BUNDLE_LOADER = "$(TEST_HOST)";
				LD_RUNPATH_SEARCH_PATHS = (
					"$(inherited)",
					"@executable_path/Frameworks",
					"@loader_path/Frameworks",
				);
				PRODUCT_BUNDLE_IDENTIFIER = ch.yannickmauray.pointage.tests;
				SDKROOT = iphoneos;
				TARGETED_DEVICE_FAMILY = "1,2";
				TEST_HOST = "$(BUILT_PRODUCTS_DIR)/Pointage.app/Pointage";
			};
			name = Release;
		};
/* End XCBuildConfiguration section */

/* Begin XCConfigurationList section */
		866CEFC864EEA8CD66257D28 /* Build configuration list for PBXProject "Pointage" */ = {
			isa = XCConfigurationList;
			buildConfigurations = (
				32A56A2F534667C6A4A11DF1 /* Debug */,
				2C5A9A5334797AFE3B4D30DC /* Release */,
			);
			defaultConfigurationIsVisible = 0;
			defaultConfigurationName = Debug;
		};
		8B8695C563DACE3A84ECBB39 /* Build configuration list for PBXNativeTarget "PointageTests" */ = {
			isa = XCConfigurationList;
			buildConfigurations = (
				0EA36C22CD377F146E5A6E02 /* Debug */,
				E4E716F7EE297905A9AE6EC6 /* Release */,
			);
			defaultConfigurationIsVisible = 0;
			defaultConfigurationName = Debug;
		};
		97F835CD71E0F1DB7B4B2D61 /* Build configuration list for PBXNativeTarget "Pointage" */ = {
			isa = XCConfigurationList;
			buildConfigurations = (
				8E5EDF88BE8F9E64FBA14341 /* Debug */,
				6A926FE7C01599145FA3A83B /* Release */,
			);
			defaultConfigurationIsVisible = 0;
			defaultConfigurationName = Debug;
		};
/* End XCConfigurationList section */

/* Begin XCRemoteSwiftPackageReference section */
		7050B53D9B6B2FD5019862F2 /* XCRemoteSwiftPackageReference "GRDB.swift" */ = {
			isa = XCRemoteSwiftPackageReference;
			repositoryURL = "https://github.com/groue/GRDB.swift";
			requirement = {
				kind = upToNextMajorVersion;
				minimumVersion = 7.0.0;
			};
		};
/* End XCRemoteSwiftPackageReference section */

/* Begin XCSwiftPackageProductDependency section */
		225B9EBF56DA2568BCA6556A /* GRDB */ = {
			isa = XCSwiftPackageProductDependency;
			package = 7050B53D9B6B2FD5019862F2 /* XCRemoteSwiftPackageReference "GRDB.swift" */;
			productName = GRDB;
		};
		3CC259AA4EA5B1D8D740FEEC /* GRDB */ = {
			isa = XCSwiftPackageProductDependency;
			package = 7050B53D9B6B2FD5019862F2 /* XCRemoteSwiftPackageReference "GRDB.swift" */;
			productName = GRDB;
		};
/* End XCSwiftPackageProductDependency section */
	};
	rootObject = A2F05599E9D4408C9D602C1A /* Project object */;
}
